
Microsoft Visual Studio Solution File, Format Version 12.00
# Visual Studio Version 17
VisualStudioVersion = 17.6.33801.468
MinimumVisualStudioVersion = 10.0.40219.1
Project("{9A19103F-16F7-4668-BE54-9A1E7A4F7556}") = "Nuvo.TestValidation", "TestValidation\Nuvo.TestValidation.csproj", "{BED13910-1516-4527-A538-AF5CEFFD86CA}"
EndProject
Project("{9A19103F-16F7-4668-BE54-9A1E7A4F7556}") = "Nuvo.RF_Networks", "RfNetworks\Nuvo.RF_Networks.csproj", "{3D28D030-5C11-4308-B58B-084781CDC2C1}"
EndProject
Project("{9A19103F-16F7-4668-BE54-9A1E7A4F7556}") = "Nuvo.TestRequirementsApp", "TestRequirementsApp\Nuvo.TestRequirementsApp.csproj", "{2FCEC191-0A7C-41A8-9ACB-49C71B47D92E}"
EndProject
Project("{9A19103F-16F7-4668-BE54-9A1E7A4F7556}") = "Nuvo.UnitTest", "UnitTest\Nuvo.UnitTest.csproj", "{DB67C4E0-EA98-40BE-B388-BED53773BBCE}"
EndProject
Project("{9A19103F-16F7-4668-BE54-9A1E7A4F7556}") = "Nuvo.Math", "Nuvo.Math\Nuvo.Math.csproj", "{05192E6D-C1EF-4010-B04C-6F366777666D}"
EndProject
Project("{FAE04EC0-301F-11D3-BF4B-00C04F79EFBC}") = "Nuvo.TestMetrics", "TestMetrics\Nuvo.TestMetrics.csproj", "{C77EEC19-6302-4CB8-9617-1A4E5C140FD3}"
EndProject
Project("{9A19103F-16F7-4668-BE54-9A1E7A4F7556}") = "Nuvo.TestServer", "TestServer\Nuvo.TestServer.csproj", "{8FAA6508-2C5A-4259-98A5-64D589F9179E}"
EndProject
Project("{9A19103F-16F7-4668-BE54-9A1E7A4F7556}") = "MicrowaveNetworks", "MicrowaveNetworks\MicrowaveNetworks.csproj", "{41A216D8-CBE6-4FAC-A4BA-2F02F76A3797}"
EndProject
Global
	GlobalSection(SolutionConfigurationPlatforms) = preSolution
		Debug|Any CPU = Debug|Any CPU
		Release|Any CPU = Release|Any CPU
	EndGlobalSection
	GlobalSection(ProjectConfigurationPlatforms) = postSolution
		{BED13910-1516-4527-A538-AF5CEFFD86CA}.Debug|Any CPU.ActiveCfg = Debug|Any CPU
		{BED13910-1516-4527-A538-AF5CEFFD86CA}.Debug|Any CPU.Build.0 = Debug|Any CPU
		{BED13910-1516-4527-A538-AF5CEFFD86CA}.Release|Any CPU.ActiveCfg = Release|Any CPU
		{BED13910-1516-4527-A538-AF5CEFFD86CA}.Release|Any CPU.Build.0 = Release|Any CPU
		{3D28D030-5C11-4308-B58B-084781CDC2C1}.Debug|Any CPU.ActiveCfg = Debug|Any CPU
		{3D28D030-5C11-4308-B58B-084781CDC2C1}.Debug|Any CPU.Build.0 = Debug|Any CPU
		{3D28D030-5C11-4308-B58B-084781CDC2C1}.Release|Any CPU.ActiveCfg = Release|Any CPU
		{3D28D030-5C11-4308-B58B-084781CDC2C1}.Release|Any CPU.Build.0 = Release|Any CPU
		{2FCEC191-0A7C-41A8-9ACB-49C71B47D92E}.Debug|Any CPU.ActiveCfg = Debug|Any CPU
		{2FCEC191-0A7C-41A8-9ACB-49C71B47D92E}.Debug|Any CPU.Build.0 = Debug|Any CPU
		{2FCEC191-0A7C-41A8-9ACB-49C71B47D92E}.Release|Any CPU.ActiveCfg = Release|Any CPU
		{2FCEC191-0A7C-41A8-9ACB-49C71B47D92E}.Release|Any CPU.Build.0 = Release|Any CPU
		{DB67C4E0-EA98-40BE-B388-BED53773BBCE}.Debug|Any CPU.ActiveCfg = Debug|Any CPU
		{DB67C4E0-EA98-40BE-B388-BED53773BBCE}.Debug|Any CPU.Build.0 = Debug|Any CPU
		{DB67C4E0-EA98-40BE-B388-BED53773BBCE}.Release|Any CPU.ActiveCfg = Release|Any CPU
		{DB67C4E0-EA98-40BE-B388-BED53773BBCE}.Release|Any CPU.Build.0 = Release|Any CPU
		{05192E6D-C1EF-4010-B04C-6F366777666D}.Debug|Any CPU.ActiveCfg = Debug|Any CPU
		{05192E6D-C1EF-4010-B04C-6F366777666D}.Debug|Any CPU.Build.0 = Debug|Any CPU
		{05192E6D-C1EF-4010-B04C-6F366777666D}.Release|Any CPU.ActiveCfg = Release|Any CPU
		{05192E6D-C1EF-4010-B04C-6F366777666D}.Release|Any CPU.Build.0 = Release|Any CPU
		{C77EEC19-6302-4CB8-9617-1A4E5C140FD3}.Debug|Any CPU.ActiveCfg = Debug|Any CPU
		{C77EEC19-6302-4CB8-9617-1A4E5C140FD3}.Debug|Any CPU.Build.0 = Debug|Any CPU
		{C77EEC19-6302-4CB8-9617-1A4E5C140FD3}.Release|Any CPU.ActiveCfg = Release|Any CPU
		{C77EEC19-6302-4CB8-9617-1A4E5C140FD3}.Release|Any CPU.Build.0 = Release|Any CPU
		{8FAA6508-2C5A-4259-98A5-64D589F9179E}.Debug|Any CPU.ActiveCfg = Debug|Any CPU
		{8FAA6508-2C5A-4259-98A5-64D589F9179E}.Debug|Any CPU.Build.0 = Debug|Any CPU
		{8FAA6508-2C5A-4259-98A5-64D589F9179E}.Release|Any CPU.ActiveCfg = Release|Any CPU
		{8FAA6508-2C5A-4259-98A5-64D589F9179E}.Release|Any CPU.Build.0 = Release|Any CPU
		{41A216D8-CBE6-4FAC-A4BA-2F02F76A3797}.Debug|Any CPU.ActiveCfg = Debug|Any CPU
		{41A216D8-CBE6-4FAC-A4BA-2F02F76A3797}.Debug|Any CPU.Build.0 = Debug|Any CPU
		{41A216D8-CBE6-4FAC-A4BA-2F02F76A3797}.Release|Any CPU.ActiveCfg = Release|Any CPU
		{41A216D8-CBE6-4FAC-A4BA-2F02F76A3797}.Release|Any CPU.Build.0 = Release|Any CPU
	EndGlobalSection
	GlobalSection(SolutionProperties) = preSolution
		HideSolutionNode = FALSE
	EndGlobalSection
	GlobalSection(ExtensibilityGlobals) = postSolution
		SolutionGuid = {6F3B579B-D485-4A84-A678-DD39D7F9A1CF}
	EndGlobalSection
EndGlobal
